
Microsoft Visual Studio Solution File, Format Version 12.00
# Visual Studio Version 18
VisualStudioVersion = 18.0.11205.157 d18.0
MinimumVisualStudioVersion = 10.0.40219.1
Project("{FAE04EC0-301F-11D3-BF4B-00C04F79EFBC}") = "PrimeChecker", "PrimeChecker\PrimeChecker.csproj", "{E27B92BC-4771-4F87-AE73-212DD8F56637}"
EndProject
Project("{FAE04EC0-301F-11D3-BF4B-00C04F79EFBC}") = "PalindromeChecker", "PalindromeChecker\PalindromeChecker.csproj", "{456B3920-FE15-4F75-97DC-7B571A95C2D7}"
EndProject
Project("{FAE04EC0-301F-11D3-BF4B-00C04F79EFBC}") = "ReadFlatFiles", "ReadFlatFiles\ReadFlatFiles.csproj", "{3B83C300-9D02-40B6-BEFF-3E3A341F3D25}"
EndProject
Project("{FAE04EC0-301F-11D3-BF4B-00C04F79EFBC}") = "Calculator", "Calculator\Calculator.csproj", "{9CA3EDF3-1C06-4489-A957-79E80CB2D749}"
EndProject
Project("{FAE04EC0-301F-11D3-BF4B-00C04F79EFBC}") = "VehicleManagement", "VehicleManagement\VehicleManagement.csproj", "{4A47359C-9C5E-440B-811C-507C487E15F9}"
EndProject
Project("{FAE04EC0-301F-11D3-BF4B-00C04F79EFBC}") = "DatabaseSQLTester", "DatabaseSQLTester\DatabaseSQLTester.csproj", "{712AE185-54BC-4D05-A99B-B7A8667FB262}"
EndProject
Project("{FAE04EC0-301F-11D3-BF4B-00C04F79EFBC}") = "VBMessageBoxTranslater", "VBMessageBoxTranslater\VBMessageBoxTranslater.csproj", "{56D209BA-A972-43D6-BF2B-0952ADDE419A}"
EndProject
Project("{FAE04EC0-301F-11D3-BF4B-00C04F79EFBC}") = "ExamplesForBeginners", "ExamplesForBeginners\ExamplesForBeginners.csproj", "{45498FE7-8721-4961-B599-36A64002031E}"
EndProject
Project("{2150E333-8FDC-42A3-9474-1A3956D46DE8}") = "DesignPatterns", "DesignPatterns", "{61FFD14A-9625-43FA-A7A5-9B6D7F97CC2D}"
	ProjectSection(SolutionItems) = preProject
		ReadMe.md = ReadMe.md
	EndProjectSection
EndProject
Project("{FAE04EC0-301F-11D3-BF4B-00C04F79EFBC}") = "CreationalPatterns", "CreationalPatterns\CreationalPatterns.csproj", "{8429D0DC-9ADB-4B5D-9579-B7750B211768}"
EndProject
Project("{FAE04EC0-301F-11D3-BF4B-00C04F79EFBC}") = "StructuralPatterns", "StructuralPatterns\StructuralPatterns.csproj", "{A6E31030-E3B7-4874-B6F5-DEE1DEE506A1}"
EndProject
Project("{2150E333-8FDC-42A3-9474-1A3956D46DE8}") = "StartingProjects", "StartingProjects", "{F6241BCC-7BE2-40F8-B89D-F991BAEF5ABC}"
EndProject
Project("{FAE04EC0-301F-11D3-BF4B-00C04F79EFBC}") = "BehavioralPatterns", "BehavioralPatterns\BehavioralPatterns.csproj", "{EAD1A494-C2D3-4F1F-953E-E9DCC2A522DF}"
EndProject
Project("{FAE04EC0-301F-11D3-BF4B-00C04F79EFBC}") = "DrinkSaver", "DrinkSaver\DrinkSaver.csproj", "{C4BB0953-039D-476E-AC96-75A2F06394BA}"
EndProject
Project("{FAE04EC0-301F-11D3-BF4B-00C04F79EFBC}") = "DrinkSaverMAUI", "DrinkSaverMAUI\DrinkSaverMAUI.csproj", "{FD172D21-CB5E-485F-BAE2-3AF09FD7A179}"
EndProject
Project("{2150E333-8FDC-42A3-9474-1A3956D46DE8}") = "Utilities", "Utilities", "{D3E2BD13-91CF-4476-A738-27AAFDCFF36D}"
EndProject
Project("{FAE04EC0-301F-11D3-BF4B-00C04F79EFBC}") = "ConsoleApp", "ConsoleApp\ConsoleApp.csproj", "{75122425-D5F0-4400-976C-13BCC3267C43}"
EndProject
Global
	GlobalSection(SolutionConfigurationPlatforms) = preSolution
		Debug|Any CPU = Debug|Any CPU
		Release|Any CPU = Release|Any CPU
	EndGlobalSection
	GlobalSection(ProjectConfigurationPlatforms) = postSolution
		{E27B92BC-4771-4F87-AE73-212DD8F56637}.Debug|Any CPU.ActiveCfg = Debug|Any CPU
		{E27B92BC-4771-4F87-AE73-212DD8F56637}.Debug|Any CPU.Build.0 = Debug|Any CPU
		{E27B92BC-4771-4F87-AE73-212DD8F56637}.Release|Any CPU.ActiveCfg = Release|Any CPU
		{E27B92BC-4771-4F87-AE73-212DD8F56637}.Release|Any CPU.Build.0 = Release|Any CPU
		{456B3920-FE15-4F75-97DC-7B571A95C2D7}.Debug|Any CPU.ActiveCfg = Debug|Any CPU
		{456B3920-FE15-4F75-97DC-7B571A95C2D7}.Debug|Any CPU.Build.0 = Debug|Any CPU
		{456B3920-FE15-4F75-97DC-7B571A95C2D7}.Release|Any CPU.ActiveCfg = Release|Any CPU
		{456B3920-FE15-4F75-97DC-7B571A95C2D7}.Release|Any CPU.Build.0 = Release|Any CPU
		{3B83C300-9D02-40B6-BEFF-3E3A341F3D25}.Debug|Any CPU.ActiveCfg = Debug|Any CPU
		{3B83C300-9D02-40B6-BEFF-3E3A341F3D25}.Debug|Any CPU.Build.0 = Debug|Any CPU
		{3B83C300-9D02-40B6-BEFF-3E3A341F3D25}.Release|Any CPU.ActiveCfg = Release|Any CPU
		{3B83C300-9D02-40B6-BEFF-3E3A341F3D25}.Release|Any CPU.Build.0 = Release|Any CPU
		{9CA3EDF3-1C06-4489-A957-79E80CB2D749}.Debug|Any CPU.ActiveCfg = Debug|Any CPU
		{9CA3EDF3-1C06-4489-A957-79E80CB2D749}.Debug|Any CPU.Build.0 = Debug|Any CPU
		{9CA3EDF3-1C06-4489-A957-79E80CB2D749}.Release|Any CPU.ActiveCfg = Release|Any CPU
		{9CA3EDF3-1C06-4489-A957-79E80CB2D749}.Release|Any CPU.Build.0 = Release|Any CPU
		{4A47359C-9C5E-440B-811C-507C487E15F9}.Debug|Any CPU.ActiveCfg = Debug|Any CPU
		{4A47359C-9C5E-440B-811C-507C487E15F9}.Debug|Any CPU.Build.0 = Debug|Any CPU
		{4A47359C-9C5E-440B-811C-507C487E15F9}.Release|Any CPU.ActiveCfg = Release|Any CPU
		{4A47359C-9C5E-440B-811C-507C487E15F9}.Release|Any CPU.Build.0 = Release|Any CPU
		{712AE185-54BC-4D05-A99B-B7A8667FB262}.Debug|Any CPU.ActiveCfg = Debug|Any CPU
		{712AE185-54BC-4D05-A99B-B7A8667FB262}.Debug|Any CPU.Build.0 = Debug|Any CPU
		{712AE185-54BC-4D05-A99B-B7A8667FB262}.Release|Any CPU.ActiveCfg = Release|Any CPU
		{712AE185-54BC-4D05-A99B-B7A8667FB262}.Release|Any CPU.Build.0 = Release|Any CPU
		{56D209BA-A972-43D6-BF2B-0952ADDE419A}.Debug|Any CPU.ActiveCfg = Debug|Any CPU
		{56D209BA-A972-43D6-BF2B-0952ADDE419A}.Debug|Any CPU.Build.0 = Debug|Any CPU
		{56D209BA-A972-43D6-BF2B-0952ADDE419A}.Release|Any CPU.ActiveCfg = Release|Any CPU
		{56D209BA-A972-43D6-BF2B-0952ADDE419A}.Release|Any CPU.Build.0 = Release|Any CPU
		{45498FE7-8721-4961-B599-36A64002031E}.Debug|Any CPU.ActiveCfg = Debug|Any CPU
		{45498FE7-8721-4961-B599-36A64002031E}.Debug|Any CPU.Build.0 = Debug|Any CPU
		{45498FE7-8721-4961-B599-36A64002031E}.Release|Any CPU.ActiveCfg = Release|Any CPU
		{45498FE7-8721-4961-B599-36A64002031E}.Release|Any CPU.Build.0 = Release|Any CPU
		{8429D0DC-9ADB-4B5D-9579-B7750B211768}.Debug|Any CPU.ActiveCfg = Debug|Any CPU
		{8429D0DC-9ADB-4B5D-9579-B7750B211768}.Debug|Any CPU.Build.0 = Debug|Any CPU
		{8429D0DC-9ADB-4B5D-9579-B7750B211768}.Release|Any CPU.ActiveCfg = Release|Any CPU
		{8429D0DC-9ADB-4B5D-9579-B7750B211768}.Release|Any CPU.Build.0 = Release|Any CPU
		{A6E31030-E3B7-4874-B6F5-DEE1DEE506A1}.Debug|Any CPU.ActiveCfg = Debug|Any CPU
		{A6E31030-E3B7-4874-B6F5-DEE1DEE506A1}.Debug|Any CPU.Build.0 = Debug|Any CPU
		{A6E31030-E3B7-4874-B6F5-DEE1DEE506A1}.Release|Any CPU.ActiveCfg = Release|Any CPU
		{A6E31030-E3B7-4874-B6F5-DEE1DEE506A1}.Release|Any CPU.Build.0 = Release|Any CPU
		{EAD1A494-C2D3-4F1F-953E-E9DCC2A522DF}.Debug|Any CPU.ActiveCfg = Debug|Any CPU
		{EAD1A494-C2D3-4F1F-953E-E9DCC2A522DF}.Debug|Any CPU.Build.0 = Debug|Any CPU
		{EAD1A494-C2D3-4F1F-953E-E9DCC2A522DF}.Release|Any CPU.ActiveCfg = Release|Any CPU
		{EAD1A494-C2D3-4F1F-953E-E9DCC2A522DF}.Release|Any CPU.Build.0 = Release|Any CPU
		{C4BB0953-039D-476E-AC96-75A2F06394BA}.Debug|Any CPU.ActiveCfg = Debug|Any CPU
		{C4BB0953-039D-476E-AC96-75A2F06394BA}.Debug|Any CPU.Build.0 = Debug|Any CPU
		{C4BB0953-039D-476E-AC96-75A2F06394BA}.Release|Any CPU.ActiveCfg = Release|Any CPU
		{C4BB0953-039D-476E-AC96-75A2F06394BA}.Release|Any CPU.Build.0 = Release|Any CPU
		{FD172D21-CB5E-485F-BAE2-3AF09FD7A179}.Debug|Any CPU.ActiveCfg = Debug|Any CPU
		{FD172D21-CB5E-485F-BAE2-3AF09FD7A179}.Debug|Any CPU.Build.0 = Debug|Any CPU
		{FD172D21-CB5E-485F-BAE2-3AF09FD7A179}.Debug|Any CPU.Deploy.0 = Debug|Any CPU
		{FD172D21-CB5E-485F-BAE2-3AF09FD7A179}.Release|Any CPU.ActiveCfg = Release|Any CPU
		{FD172D21-CB5E-485F-BAE2-3AF09FD7A179}.Release|Any CPU.Build.0 = Release|Any CPU
		{75122425-D5F0-4400-976C-13BCC3267C43}.Debug|Any CPU.ActiveCfg = Debug|Any CPU
		{75122425-D5F0-4400-976C-13BCC3267C43}.Debug|Any CPU.Build.0 = Debug|Any CPU
		{75122425-D5F0-4400-976C-13BCC3267C43}.Release|Any CPU.ActiveCfg = Release|Any CPU
		{75122425-D5F0-4400-976C-13BCC3267C43}.Release|Any CPU.Build.0 = Release|Any CPU
	EndGlobalSection
	GlobalSection(SolutionProperties) = preSolution
		HideSolutionNode = FALSE
	EndGlobalSection
	GlobalSection(NestedProjects) = preSolution
		{E27B92BC-4771-4F87-AE73-212DD8F56637} = {F6241BCC-7BE2-40F8-B89D-F991BAEF5ABC}
		{456B3920-FE15-4F75-97DC-7B571A95C2D7} = {F6241BCC-7BE2-40F8-B89D-F991BAEF5ABC}
		{3B83C300-9D02-40B6-BEFF-3E3A341F3D25} = {F6241BCC-7BE2-40F8-B89D-F991BAEF5ABC}
		{9CA3EDF3-1C06-4489-A957-79E80CB2D749} = {F6241BCC-7BE2-40F8-B89D-F991BAEF5ABC}
		{4A47359C-9C5E-440B-811C-507C487E15F9} = {F6241BCC-7BE2-40F8-B89D-F991BAEF5ABC}
		{8429D0DC-9ADB-4B5D-9579-B7750B211768} = {61FFD14A-9625-43FA-A7A5-9B6D7F97CC2D}
		{A6E31030-E3B7-4874-B6F5-DEE1DEE506A1} = {61FFD14A-9625-43FA-A7A5-9B6D7F97CC2D}
		{EAD1A494-C2D3-4F1F-953E-E9DCC2A522DF} = {61FFD14A-9625-43FA-A7A5-9B6D7F97CC2D}
	EndGlobalSection
	GlobalSection(ExtensibilityGlobals) = postSolution
		SolutionGuid = {3ABD0127-3D9C-442D-82E5-37F557A15C15}
	EndGlobalSection
EndGlobal
